
Microsoft Visual Studio Solution File, Format Version 12.00
# Visual Studio Version 17
VisualStudioVersion = 17.6.33801.468
MinimumVisualStudioVersion = 10.0.40219.1
Project("{9A19103F-16F7-4668-BE54-9A1E7A4F7556}") = "PremierLeaguePredictions", "PremierLeaguePredictions\PremierLeaguePredictions.csproj", "{1D6CC95A-905D-47A5-9114-A059EB4853EF}"
EndProject
Global
	GlobalSection(SolutionConfigurationPlatforms) = preSolution
		Debug|Any CPU = Debug|Any CPU
		Release|Any CPU = Release|Any CPU
	EndGlobalSection
	GlobalSection(ProjectConfigurationPlatforms) = postSolution
		{1D6CC95A-905D-47A5-9114-A059EB4853EF}.Debug|Any CPU.ActiveCfg = Debug|Any CPU
		{1D6CC95A-905D-47A5-9114-A059EB4853EF}.Debug|Any CPU.Build.0 = Debug|Any CPU
		{1D6CC95A-905D-47A5-9114-A059EB4853EF}.Release|Any CPU.ActiveCfg = Release|Any CPU
		{1D6CC95A-905D-47A5-9114-A059EB4853EF}.Release|Any CPU.Build.0 = Release|Any CPU
	EndGlobalSection
	GlobalSection(SolutionProperties) = preSolution
		HideSolutionNode = FALSE
	EndGlobalSection
	GlobalSection(ExtensibilityGlobals) = postSolution
		SolutionGuid = {35BC479C-D0A2-45F4-A4E5-F8923F36E3E5}
	EndGlobalSection
EndGlobal
